
Microsoft Visual Studio Solution File, Format Version 12.00
# Visual Studio Version 17
VisualStudioVersion = 17.14.36811.4 d17.14
MinimumVisualStudioVersion = 10.0.40219.1
Project("{FAE04EC0-301F-11D3-BF4B-00C04F79EFBC}") = "ExamCalculatorWPF", "WpfApp2\ExamCalculatorWPF.csproj", "{B3E7752D-4FED-42D0-8BB6-35B77A9E24C6}"
EndProject
Project("{FAE04EC0-301F-11D3-BF4B-00C04F79EFBC}") = "ExamCalculatorTests", "ExamCalculatorTests\ExamCalculatorTests.csproj", "{685F3050-0DE2-4E8B-B0B9-68264ACF2FE8}"
EndProject
Global
	GlobalSection(SolutionConfigurationPlatforms) = preSolution
		Debug|Any CPU = Debug|Any CPU
		Release|Any CPU = Release|Any CPU
	EndGlobalSection
	GlobalSection(ProjectConfigurationPlatforms) = postSolution
		{B3E7752D-4FED-42D0-8BB6-35B77A9E24C6}.Debug|Any CPU.ActiveCfg = Debug|Any CPU
		{B3E7752D-4FED-42D0-8BB6-35B77A9E24C6}.Debug|Any CPU.Build.0 = Debug|Any CPU
		{B3E7752D-4FED-42D0-8BB6-35B77A9E24C6}.Release|Any CPU.ActiveCfg = Release|Any CPU
		{B3E7752D-4FED-42D0-8BB6-35B77A9E24C6}.Release|Any CPU.Build.0 = Release|Any CPU
		{685F3050-0DE2-4E8B-B0B9-68264ACF2FE8}.Debug|Any CPU.ActiveCfg = Debug|Any CPU
		{685F3050-0DE2-4E8B-B0B9-68264ACF2FE8}.Debug|Any CPU.Build.0 = Debug|Any CPU
		{685F3050-0DE2-4E8B-B0B9-68264ACF2FE8}.Release|Any CPU.ActiveCfg = Release|Any CPU
		{685F3050-0DE2-4E8B-B0B9-68264ACF2FE8}.Release|Any CPU.Build.0 = Release|Any CPU
	EndGlobalSection
	GlobalSection(SolutionProperties) = preSolution
		HideSolutionNode = FALSE
	EndGlobalSection
	GlobalSection(ExtensibilityGlobals) = postSolution
		SolutionGuid = {EE2AD00A-89E1-4AFA-B0C1-152AB86A90FC}
	EndGlobalSection
EndGlobal
